
Microsoft Visual Studio Solution File, Format Version 12.00
# Visual Studio Version 16
VisualStudioVersion = 16.0.31005.135
MinimumVisualStudioVersion = 10.0.40219.1
Project("{8BC9CEB8-8B4A-11D0-8D11-00A0C91BC942}") = "Project0011", "Project0000\Project0000.vcxproj", "{385A48C1-AEB5-449D-8D07-8C75AA9104F5}"
EndProject
Project("{8BC9CEB8-8B4A-11D0-8D11-00A0C91BC942}") = "Project0001", "Project0001\Project0001.vcxproj", "{C5D2509E-2241-4617-B97B-A760F5287B2F}"
EndProject
Project("{8BC9CEB8-8B4A-11D0-8D11-00A0C91BC942}") = "Project0002", "Project0002\Project0002.vcxproj", "{DFE53287-E2CD-43C0-9C19-7A8349EA1FE9}"
EndProject
Project("{8BC9CEB8-8B4A-11D0-8D11-00A0C91BC942}") = "Project0003", "Project0003\Project0003.vcxproj", "{34D57508-4751-4129-BEDF-F16F7EF2D01F}"
EndProject
Project("{8BC9CEB8-8B4A-11D0-8D11-00A0C91BC942}") = "Project0004", "Project0004\Project0004.vcxproj", "{79994D11-74BD-4E05-A96E-BAEAE64EA342}"
EndProject
Project("{8BC9CEB8-8B4A-11D0-8D11-00A0C91BC942}") = "Project0005", "Project0005\Project0005.vcxproj", "{3FEE7B23-6502-429B-9E21-EE700F8B3926}"
EndProject
Project("{8BC9CEB8-8B4A-11D0-8D11-00A0C91BC942}") = "Project0006", "Project0006\Project0006.vcxproj", "{6F307A25-10DF-4922-9ED7-568BC4A1C79B}"
EndProject
Project("{8BC9CEB8-8B4A-11D0-8D11-00A0C91BC942}") = "Project0007-GLFW", "Project0007\Project0007.vcxproj", "{BB0C12AD-5006-4BD8-87C8-8B4A917748B2}"
EndProject
Project("{8BC9CEB8-8B4A-11D0-8D11-00A0C91BC942}") = "Project0008-OpenGL", "Project0008\Project0008.vcxproj", "{85DA2601-BAF7-4FA2-A5B4-85B98311B555}"
EndProject
Global
	GlobalSection(SolutionConfigurationPlatforms) = preSolution
		Debug|x64 = Debug|x64
		Debug|x86 = Debug|x86
		Release|x64 = Release|x64
		Release|x86 = Release|x86
	EndGlobalSection
	GlobalSection(ProjectConfigurationPlatforms) = postSolution
		{385A48C1-AEB5-449D-8D07-8C75AA9104F5}.Debug|x64.ActiveCfg = Debug|x64
		{385A48C1-AEB5-449D-8D07-8C75AA9104F5}.Debug|x64.Build.0 = Debug|x64
		{385A48C1-AEB5-449D-8D07-8C75AA9104F5}.Debug|x86.ActiveCfg = Debug|Win32
		{385A48C1-AEB5-449D-8D07-8C75AA9104F5}.Debug|x86.Build.0 = Debug|Win32
		{385A48C1-AEB5-449D-8D07-8C75AA9104F5}.Release|x64.ActiveCfg = Release|x64
		{385A48C1-AEB5-449D-8D07-8C75AA9104F5}.Release|x64.Build.0 = Release|x64
		{385A48C1-AEB5-449D-8D07-8C75AA9104F5}.Release|x86.ActiveCfg = Release|Win32
		{385A48C1-AEB5-449D-8D07-8C75AA9104F5}.Release|x86.Build.0 = Release|Win32
		{C5D2509E-2241-4617-B97B-A760F5287B2F}.Debug|x64.ActiveCfg = Debug|x64
		{C5D2509E-2241-4617-B97B-A760F5287B2F}.Debug|x64.Build.0 = Debug|x64
		{C5D2509E-2241-4617-B97B-A760F5287B2F}.Debug|x86.ActiveCfg = Debug|Win32
		{C5D2509E-2241-4617-B97B-A760F5287B2F}.Debug|x86.Build.0 = Debug|Win32
		{C5D2509E-2241-4617-B97B-A760F5287B2F}.Release|x64.ActiveCfg = Release|x64
		{C5D2509E-2241-4617-B97B-A760F5287B2F}.Release|x64.Build.0 = Release|x64
		{C5D2509E-2241-4617-B97B-A760F5287B2F}.Release|x86.ActiveCfg = Release|Win32
		{C5D2509E-2241-4617-B97B-A760F5287B2F}.Release|x86.Build.0 = Release|Win32
		{DFE53287-E2CD-43C0-9C19-7A8349EA1FE9}.Debug|x64.ActiveCfg = Debug|x64
		{DFE53287-E2CD-43C0-9C19-7A8349EA1FE9}.Debug|x64.Build.0 = Debug|x64
		{DFE53287-E2CD-43C0-9C19-7A8349EA1FE9}.Debug|x86.ActiveCfg = Debug|Win32
		{DFE53287-E2CD-43C0-9C19-7A8349EA1FE9}.Debug|x86.Build.0 = Debug|Win32
		{DFE53287-E2CD-43C0-9C19-7A8349EA1FE9}.Release|x64.ActiveCfg = Release|x64
		{DFE53287-E2CD-43C0-9C19-7A8349EA1FE9}.Release|x64.Build.0 = Release|x64
		{DFE53287-E2CD-43C0-9C19-7A8349EA1FE9}.Release|x86.ActiveCfg = Release|Win32
		{DFE53287-E2CD-43C0-9C19-7A8349EA1FE9}.Release|x86.Build.0 = Release|Win32
		{34D57508-4751-4129-BEDF-F16F7EF2D01F}.Debug|x64.ActiveCfg = Debug|x64
		{34D57508-4751-4129-BEDF-F16F7EF2D01F}.Debug|x64.Build.0 = Debug|x64
		{34D57508-4751-4129-BEDF-F16F7EF2D01F}.Debug|x86.ActiveCfg = Debug|Win32
		{34D57508-4751-4129-BEDF-F16F7EF2D01F}.Debug|x86.Build.0 = Debug|Win32
		{34D57508-4751-4129-BEDF-F16F7EF2D01F}.Release|x64.ActiveCfg = Release|x64
		{34D57508-4751-4129-BEDF-F16F7EF2D01F}.Release|x64.Build.0 = Release|x64
		{34D57508-4751-4129-BEDF-F16F7EF2D01F}.Release|x86.ActiveCfg = Release|Win32
		{34D57508-4751-4129-BEDF-F16F7EF2D01F}.Release|x86.Build.0 = Release|Win32
		{79994D11-74BD-4E05-A96E-BAEAE64EA342}.Debug|x64.ActiveCfg = Debug|x64
		{79994D11-74BD-4E05-A96E-BAEAE64EA342}.Debug|x64.Build.0 = Debug|x64
		{79994D11-74BD-4E05-A96E-BAEAE64EA342}.Debug|x86.ActiveCfg = Debug|Win32
		{79994D11-74BD-4E05-A96E-BAEAE64EA342}.Debug|x86.Build.0 = Debug|Win32
		{79994D11-74BD-4E05-A96E-BAEAE64EA342}.Release|x64.ActiveCfg = Release|x64
		{79994D11-74BD-4E05-A96E-BAEAE64EA342}.Release|x64.Build.0 = Release|x64
		{79994D11-74BD-4E05-A96E-BAEAE64EA342}.Release|x86.ActiveCfg = Release|Win32
		{79994D11-74BD-4E05-A96E-BAEAE64EA342}.Release|x86.Build.0 = Release|Win32
		{3FEE7B23-6502-429B-9E21-EE700F8B3926}.Debug|x64.ActiveCfg = Debug|x64
		{3FEE7B23-6502-429B-9E21-EE700F8B3926}.Debug|x64.Build.0 = Debug|x64
		{3FEE7B23-6502-429B-9E21-EE700F8B3926}.Debug|x86.ActiveCfg = Debug|Win32
		{3FEE7B23-6502-429B-9E21-EE700F8B3926}.Debug|x86.Build.0 = Debug|Win32
		{3FEE7B23-6502-429B-9E21-EE700F8B3926}.Release|x64.ActiveCfg = Release|x64
		{3FEE7B23-6502-429B-9E21-EE700F8B3926}.Release|x64.Build.0 = Release|x64
		{3FEE7B23-6502-429B-9E21-EE700F8B3926}.Release|x86.ActiveCfg = Release|Win32
		{3FEE7B23-6502-429B-9E21-EE700F8B3926}.Release|x86.Build.0 = Release|Win32
		{6F307A25-10DF-4922-9ED7-568BC4A1C79B}.Debug|x64.ActiveCfg = Debug|x64
		{6F307A25-10DF-4922-9ED7-568BC4A1C79B}.Debug|x64.Build.0 = Debug|x64
		{6F307A25-10DF-4922-9ED7-568BC4A1C79B}.Debug|x86.ActiveCfg = Debug|Win32
		{6F307A25-10DF-4922-9ED7-568BC4A1C79B}.Debug|x86.Build.0 = Debug|Win32
		{6F307A25-10DF-4922-9ED7-568BC4A1C79B}.Release|x64.ActiveCfg = Release|x64
		{6F307A25-10DF-4922-9ED7-568BC4A1C79B}.Release|x64.Build.0 = Release|x64
		{6F307A25-10DF-4922-9ED7-568BC4A1C79B}.Release|x86.ActiveCfg = Release|Win32
		{6F307A25-10DF-4922-9ED7-568BC4A1C79B}.Release|x86.Build.0 = Release|Win32
		{BB0C12AD-5006-4BD8-87C8-8B4A917748B2}.Debug|x64.ActiveCfg = Debug|x64
		{BB0C12AD-5006-4BD8-87C8-8B4A917748B2}.Debug|x64.Build.0 = Debug|x64
		{BB0C12AD-5006-4BD8-87C8-8B4A917748B2}.Debug|x86.ActiveCfg = Debug|Win32
		{BB0C12AD-5006-4BD8-87C8-8B4A917748B2}.Debug|x86.Build.0 = Debug|Win32
		{BB0C12AD-5006-4BD8-87C8-8B4A917748B2}.Release|x64.ActiveCfg = Release|x64
		{BB0C12AD-5006-4BD8-87C8-8B4A917748B2}.Release|x64.Build.0 = Release|x64
		{BB0C12AD-5006-4BD8-87C8-8B4A917748B2}.Release|x86.ActiveCfg = Release|Win32
		{BB0C12AD-5006-4BD8-87C8-8B4A917748B2}.Release|x86.Build.0 = Release|Win32
		{85DA2601-BAF7-4FA2-A5B4-85B98311B555}.Debug|x64.ActiveCfg = Debug|x64
		{85DA2601-BAF7-4FA2-A5B4-85B98311B555}.Debug|x64.Build.0 = Debug|x64
		{85DA2601-BAF7-4FA2-A5B4-85B98311B555}.Debug|x86.ActiveCfg = Debug|Win32
		{85DA2601-BAF7-4FA2-A5B4-85B98311B555}.Debug|x86.Build.0 = Debug|Win32
		{85DA2601-BAF7-4FA2-A5B4-85B98311B555}.Release|x64.ActiveCfg = Release|x64
		{85DA2601-BAF7-4FA2-A5B4-85B98311B555}.Release|x64.Build.0 = Release|x64
		{85DA2601-BAF7-4FA2-A5B4-85B98311B555}.Release|x86.ActiveCfg = Release|Win32
		{85DA2601-BAF7-4FA2-A5B4-85B98311B555}.Release|x86.Build.0 = Release|Win32
	EndGlobalSection
	GlobalSection(SolutionProperties) = preSolution
		HideSolutionNode = FALSE
	EndGlobalSection
	GlobalSection(ExtensibilityGlobals) = postSolution
		SolutionGuid = {96C50BCF-B337-41E4-955E-521CED8BB5C5}
	EndGlobalSection
EndGlobal
